
Microsoft Visual Studio Solution File, Format Version 12.00
# Visual Studio 15
Project("{8BC9CEB8-8B4A-11D0-8D11-00A0C91BC942}") = "ALL_BUILD", "ALL_BUILD.vcxproj", "{C64092C9-C6E4-31D9-A181-B5A5403D2262}"
	ProjectSection(ProjectDependencies) = postProject
		{8F3C757D-A6D9-3A8C-BF34-EE2C5236AC07} = {8F3C757D-A6D9-3A8C-BF34-EE2C5236AC07}
		{07B77018-FAE5-3DE4-A468-96CCECFFCD12} = {07B77018-FAE5-3DE4-A468-96CCECFFCD12}
		{B86CB6F6-3C47-303B-8D90-436F81E454C6} = {B86CB6F6-3C47-303B-8D90-436F81E454C6}
		{03D28067-FA7F-39DD-871B-04F0CB652AB9} = {03D28067-FA7F-39DD-871B-04F0CB652AB9}
		{82D04AE8-6F00-3DE1-9CF7-53F9EE9ED224} = {82D04AE8-6F00-3DE1-9CF7-53F9EE9ED224}
	EndProjectSection
EndProject
Project("{8BC9CEB8-8B4A-11D0-8D11-00A0C91BC942}") = "INSTALL", "INSTALL.vcxproj", "{805F8BEC-305A-38D5-B55F-10E16CFBE0B8}"
	ProjectSection(ProjectDependencies) = postProject
		{C64092C9-C6E4-31D9-A181-B5A5403D2262} = {C64092C9-C6E4-31D9-A181-B5A5403D2262}
		{8F3C757D-A6D9-3A8C-BF34-EE2C5236AC07} = {8F3C757D-A6D9-3A8C-BF34-EE2C5236AC07}
	EndProjectSection
EndProject
Project("{8BC9CEB8-8B4A-11D0-8D11-00A0C91BC942}") = "RUN_TESTS", "RUN_TESTS.vcxproj", "{F03F3769-2782-3DE3-B36C-0527A1BA8999}"
	ProjectSection(ProjectDependencies) = postProject
		{8F3C757D-A6D9-3A8C-BF34-EE2C5236AC07} = {8F3C757D-A6D9-3A8C-BF34-EE2C5236AC07}
	EndProjectSection
EndProject
Project("{8BC9CEB8-8B4A-11D0-8D11-00A0C91BC942}") = "ZERO_CHECK", "ZERO_CHECK.vcxproj", "{8F3C757D-A6D9-3A8C-BF34-EE2C5236AC07}"
	ProjectSection(ProjectDependencies) = postProject
	EndProjectSection
EndProject
Project("{8BC9CEB8-8B4A-11D0-8D11-00A0C91BC942}") = "example", "example.vcxproj", "{07B77018-FAE5-3DE4-A468-96CCECFFCD12}"
	ProjectSection(ProjectDependencies) = postProject
		{8F3C757D-A6D9-3A8C-BF34-EE2C5236AC07} = {8F3C757D-A6D9-3A8C-BF34-EE2C5236AC07}
		{03D28067-FA7F-39DD-871B-04F0CB652AB9} = {03D28067-FA7F-39DD-871B-04F0CB652AB9}
	EndProjectSection
EndProject
Project("{8BC9CEB8-8B4A-11D0-8D11-00A0C91BC942}") = "minigzip", "minigzip.vcxproj", "{B86CB6F6-3C47-303B-8D90-436F81E454C6}"
	ProjectSection(ProjectDependencies) = postProject
		{8F3C757D-A6D9-3A8C-BF34-EE2C5236AC07} = {8F3C757D-A6D9-3A8C-BF34-EE2C5236AC07}
		{03D28067-FA7F-39DD-871B-04F0CB652AB9} = {03D28067-FA7F-39DD-871B-04F0CB652AB9}
	EndProjectSection
EndProject
Project("{8BC9CEB8-8B4A-11D0-8D11-00A0C91BC942}") = "zlib", "zlib.vcxproj", "{03D28067-FA7F-39DD-871B-04F0CB652AB9}"
	ProjectSection(ProjectDependencies) = postProject
		{8F3C757D-A6D9-3A8C-BF34-EE2C5236AC07} = {8F3C757D-A6D9-3A8C-BF34-EE2C5236AC07}
	EndProjectSection
EndProject
Project("{8BC9CEB8-8B4A-11D0-8D11-00A0C91BC942}") = "zlibstatic", "zlibstatic.vcxproj", "{82D04AE8-6F00-3DE1-9CF7-53F9EE9ED224}"
	ProjectSection(ProjectDependencies) = postProject
		{8F3C757D-A6D9-3A8C-BF34-EE2C5236AC07} = {8F3C757D-A6D9-3A8C-BF34-EE2C5236AC07}
	EndProjectSection
EndProject
Global
	GlobalSection(SolutionConfigurationPlatforms) = preSolution
		Debug|Win32 = Debug|Win32
		Release|Win32 = Release|Win32
		MinSizeRel|Win32 = MinSizeRel|Win32
		RelWithDebInfo|Win32 = RelWithDebInfo|Win32
	EndGlobalSection
	GlobalSection(ProjectConfigurationPlatforms) = postSolution
		{C64092C9-C6E4-31D9-A181-B5A5403D2262}.Debug|Win32.ActiveCfg = Debug|Win32
		{C64092C9-C6E4-31D9-A181-B5A5403D2262}.Debug|Win32.Build.0 = Debug|Win32
		{C64092C9-C6E4-31D9-A181-B5A5403D2262}.Release|Win32.ActiveCfg = Release|Win32
		{C64092C9-C6E4-31D9-A181-B5A5403D2262}.Release|Win32.Build.0 = Release|Win32
		{C64092C9-C6E4-31D9-A181-B5A5403D2262}.MinSizeRel|Win32.ActiveCfg = MinSizeRel|Win32
		{C64092C9-C6E4-31D9-A181-B5A5403D2262}.MinSizeRel|Win32.Build.0 = MinSizeRel|Win32
		{C64092C9-C6E4-31D9-A181-B5A5403D2262}.RelWithDebInfo|Win32.ActiveCfg = RelWithDebInfo|Win32
		{C64092C9-C6E4-31D9-A181-B5A5403D2262}.RelWithDebInfo|Win32.Build.0 = RelWithDebInfo|Win32
		{805F8BEC-305A-38D5-B55F-10E16CFBE0B8}.Debug|Win32.ActiveCfg = Debug|Win32
		{805F8BEC-305A-38D5-B55F-10E16CFBE0B8}.Release|Win32.ActiveCfg = Release|Win32
		{805F8BEC-305A-38D5-B55F-10E16CFBE0B8}.MinSizeRel|Win32.ActiveCfg = MinSizeRel|Win32
		{805F8BEC-305A-38D5-B55F-10E16CFBE0B8}.RelWithDebInfo|Win32.ActiveCfg = RelWithDebInfo|Win32
		{F03F3769-2782-3DE3-B36C-0527A1BA8999}.Debug|Win32.ActiveCfg = Debug|Win32
		{F03F3769-2782-3DE3-B36C-0527A1BA8999}.Release|Win32.ActiveCfg = Release|Win32
		{F03F3769-2782-3DE3-B36C-0527A1BA8999}.MinSizeRel|Win32.ActiveCfg = MinSizeRel|Win32
		{F03F3769-2782-3DE3-B36C-0527A1BA8999}.RelWithDebInfo|Win32.ActiveCfg = RelWithDebInfo|Win32
		{8F3C757D-A6D9-3A8C-BF34-EE2C5236AC07}.Debug|Win32.ActiveCfg = Debug|Win32
		{8F3C757D-A6D9-3A8C-BF34-EE2C5236AC07}.Debug|Win32.Build.0 = Debug|Win32
		{8F3C757D-A6D9-3A8C-BF34-EE2C5236AC07}.Release|Win32.ActiveCfg = Release|Win32
		{8F3C757D-A6D9-3A8C-BF34-EE2C5236AC07}.Release|Win32.Build.0 = Release|Win32
		{8F3C757D-A6D9-3A8C-BF34-EE2C5236AC07}.MinSizeRel|Win32.ActiveCfg = MinSizeRel|Win32
		{8F3C757D-A6D9-3A8C-BF34-EE2C5236AC07}.MinSizeRel|Win32.Build.0 = MinSizeRel|Win32
		{8F3C757D-A6D9-3A8C-BF34-EE2C5236AC07}.RelWithDebInfo|Win32.ActiveCfg = RelWithDebInfo|Win32
		{8F3C757D-A6D9-3A8C-BF34-EE2C5236AC07}.RelWithDebInfo|Win32.Build.0 = RelWithDebInfo|Win32
		{07B77018-FAE5-3DE4-A468-96CCECFFCD12}.Debug|Win32.ActiveCfg = Debug|Win32
		{07B77018-FAE5-3DE4-A468-96CCECFFCD12}.Debug|Win32.Build.0 = Debug|Win32
		{07B77018-FAE5-3DE4-A468-96CCECFFCD12}.Release|Win32.ActiveCfg = Release|Win32
		{07B77018-FAE5-3DE4-A468-96CCECFFCD12}.Release|Win32.Build.0 = Release|Win32
		{07B77018-FAE5-3DE4-A468-96CCECFFCD12}.MinSizeRel|Win32.ActiveCfg = MinSizeRel|Win32
		{07B77018-FAE5-3DE4-A468-96CCECFFCD12}.MinSizeRel|Win32.Build.0 = MinSizeRel|Win32
		{07B77018-FAE5-3DE4-A468-96CCECFFCD12}.RelWithDebInfo|Win32.ActiveCfg = RelWithDebInfo|Win32
		{07B77018-FAE5-3DE4-A468-96CCECFFCD12}.RelWithDebInfo|Win32.Build.0 = RelWithDebInfo|Win32
		{B86CB6F6-3C47-303B-8D90-436F81E454C6}.Debug|Win32.ActiveCfg = Debug|Win32
		{B86CB6F6-3C47-303B-8D90-436F81E454C6}.Debug|Win32.Build.0 = Debug|Win32
		{B86CB6F6-3C47-303B-8D90-436F81E454C6}.Release|Win32.ActiveCfg = Release|Win32
		{B86CB6F6-3C47-303B-8D90-436F81E454C6}.Release|Win32.Build.0 = Release|Win32
		{B86CB6F6-3C47-303B-8D90-436F81E454C6}.MinSizeRel|Win32.ActiveCfg = MinSizeRel|Win32
		{B86CB6F6-3C47-303B-8D90-436F81E454C6}.MinSizeRel|Win32.Build.0 = MinSizeRel|Win32
		{B86CB6F6-3C47-303B-8D90-436F81E454C6}.RelWithDebInfo|Win32.ActiveCfg = RelWithDebInfo|Win32
		{B86CB6F6-3C47-303B-8D90-436F81E454C6}.RelWithDebInfo|Win32.Build.0 = RelWithDebInfo|Win32
		{03D28067-FA7F-39DD-871B-04F0CB652AB9}.Debug|Win32.ActiveCfg = Debug|Win32
		{03D28067-FA7F-39DD-871B-04F0CB652AB9}.Debug|Win32.Build.0 = Debug|Win32
		{03D28067-FA7F-39DD-871B-04F0CB652AB9}.Release|Win32.ActiveCfg = Release|Win32
		{03D28067-FA7F-39DD-871B-04F0CB652AB9}.Release|Win32.Build.0 = Release|Win32
		{03D28067-FA7F-39DD-871B-04F0CB652AB9}.MinSizeRel|Win32.ActiveCfg = MinSizeRel|Win32
		{03D28067-FA7F-39DD-871B-04F0CB652AB9}.MinSizeRel|Win32.Build.0 = MinSizeRel|Win32
		{03D28067-FA7F-39DD-871B-04F0CB652AB9}.RelWithDebInfo|Win32.ActiveCfg = RelWithDebInfo|Win32
		{03D28067-FA7F-39DD-871B-04F0CB652AB9}.RelWithDebInfo|Win32.Build.0 = RelWithDebInfo|Win32
		{82D04AE8-6F00-3DE1-9CF7-53F9EE9ED224}.Debug|Win32.ActiveCfg = Debug|Win32
		{82D04AE8-6F00-3DE1-9CF7-53F9EE9ED224}.Debug|Win32.Build.0 = Debug|Win32
		{82D04AE8-6F00-3DE1-9CF7-53F9EE9ED224}.Release|Win32.ActiveCfg = Release|Win32
		{82D04AE8-6F00-3DE1-9CF7-53F9EE9ED224}.Release|Win32.Build.0 = Release|Win32
		{82D04AE8-6F00-3DE1-9CF7-53F9EE9ED224}.MinSizeRel|Win32.ActiveCfg = MinSizeRel|Win32
		{82D04AE8-6F00-3DE1-9CF7-53F9EE9ED224}.MinSizeRel|Win32.Build.0 = MinSizeRel|Win32
		{82D04AE8-6F00-3DE1-9CF7-53F9EE9ED224}.RelWithDebInfo|Win32.ActiveCfg = RelWithDebInfo|Win32
		{82D04AE8-6F00-3DE1-9CF7-53F9EE9ED224}.RelWithDebInfo|Win32.Build.0 = RelWithDebInfo|Win32
	EndGlobalSection
	GlobalSection(ExtensibilityGlobals) = postSolution
		SolutionGuid = {2E4004C8-088B-3D79-8943-24DBBAF26C2E}
	EndGlobalSection
	GlobalSection(ExtensibilityAddIns) = postSolution
	EndGlobalSection
EndGlobal
